
Microsoft Visual Studio Solution File, Format Version 12.00
# Visual Studio Version 16
VisualStudioVersion = 16.0.33027.164
MinimumVisualStudioVersion = 10.0.40219.1
Project("{9A19103F-16F7-4668-BE54-9A1E7A4F7556}") = "UML_Relationships", "UML_Relationships\UML_Relationships.csproj", "{33497DAE-872E-4F9D-A26D-360A93BB8128}"
EndProject
Project("{2150E333-8FDC-42A3-9474-1A3956D46DE8}") = "Solution Items", "Solution Items", "{2216604C-D7CD-4DA1-83DF-B3048403F73E}"
	ProjectSection(SolutionItems) = preProject
		.gitignore = .gitignore
	EndProjectSection
EndProject
Project("{FAE04EC0-301F-11D3-BF4B-00C04F79EFBC}") = "Design_Patterns", "Design_Patterns\Design_Patterns.csproj", "{42C4FB9C-E7B4-4518-AA4C-16FFAAB9B8CB}"
EndProject
Project("{FAE04EC0-301F-11D3-BF4B-00C04F79EFBC}") = "Event_Handling", "Event_Handling\Event_Handling.csproj", "{9464CD42-69E9-48D5-9015-528F620184DE}"
EndProject
Global
	GlobalSection(SolutionConfigurationPlatforms) = preSolution
		Debug|Any CPU = Debug|Any CPU
		Release|Any CPU = Release|Any CPU
	EndGlobalSection
	GlobalSection(ProjectConfigurationPlatforms) = postSolution
		{33497DAE-872E-4F9D-A26D-360A93BB8128}.Debug|Any CPU.ActiveCfg = Debug|Any CPU
		{33497DAE-872E-4F9D-A26D-360A93BB8128}.Debug|Any CPU.Build.0 = Debug|Any CPU
		{33497DAE-872E-4F9D-A26D-360A93BB8128}.Release|Any CPU.ActiveCfg = Release|Any CPU
		{33497DAE-872E-4F9D-A26D-360A93BB8128}.Release|Any CPU.Build.0 = Release|Any CPU
		{42C4FB9C-E7B4-4518-AA4C-16FFAAB9B8CB}.Debug|Any CPU.ActiveCfg = Debug|Any CPU
		{42C4FB9C-E7B4-4518-AA4C-16FFAAB9B8CB}.Debug|Any CPU.Build.0 = Debug|Any CPU
		{42C4FB9C-E7B4-4518-AA4C-16FFAAB9B8CB}.Release|Any CPU.ActiveCfg = Release|Any CPU
		{42C4FB9C-E7B4-4518-AA4C-16FFAAB9B8CB}.Release|Any CPU.Build.0 = Release|Any CPU
		{9464CD42-69E9-48D5-9015-528F620184DE}.Debug|Any CPU.ActiveCfg = Debug|Any CPU
		{9464CD42-69E9-48D5-9015-528F620184DE}.Debug|Any CPU.Build.0 = Debug|Any CPU
		{9464CD42-69E9-48D5-9015-528F620184DE}.Release|Any CPU.ActiveCfg = Release|Any CPU
		{9464CD42-69E9-48D5-9015-528F620184DE}.Release|Any CPU.Build.0 = Release|Any CPU
	EndGlobalSection
	GlobalSection(SolutionProperties) = preSolution
		HideSolutionNode = FALSE
	EndGlobalSection
	GlobalSection(ExtensibilityGlobals) = postSolution
		SolutionGuid = {911899FB-9F62-4459-BCEB-9D44070101C4}
	EndGlobalSection
EndGlobal
